
Microsoft Visual Studio Solution File, Format Version 12.00
# Visual Studio 15
VisualStudioVersion = 15.0.28307.329
MinimumVisualStudioVersion = 10.0.40219.1
Project("{9A19103F-16F7-4668-BE54-9A1E7A4F7556}") = "WorldCupMovies.Model", "WorldCupMovies.Model\WorldCupMovies.Model.csproj", "{784A8188-F729-4552-B348-7ED387868034}"
EndProject
Project("{9A19103F-16F7-4668-BE54-9A1E7A4F7556}") = "WorldCupMovies.Tests", "WorldCupMovies.Tests\WorldCupMovies.Tests.csproj", "{66DD62A6-C2EB-4517-8E10-2DCE511370CC}"
EndProject
Project("{9A19103F-16F7-4668-BE54-9A1E7A4F7556}") = "WorldCupMovies.ApplicationService", "WorldCupMovies.ApplicationService\WorldCupMovies.ApplicationService.csproj", "{8F1672C1-42A3-4E37-9AB4-55AB36F5F463}"
EndProject
Project("{E24C65DC-7377-472B-9ABA-BC803B73C61A}") = "WorldCupMovies.UserInterface", "WorldCupMovies.UserInterface\", "{62151FDD-F4C9-4353-9AC3-B4C3C49DF067}"
	ProjectSection(WebsiteProperties) = preProject
		TargetFrameworkMoniker = ".NETFramework,Version%3Dv4.0"
		Debug.AspNetCompiler.VirtualPath = "/localhost_51888"
		Debug.AspNetCompiler.PhysicalPath = "WorldCupMovies.UserInterface\"
		Debug.AspNetCompiler.TargetPath = "PrecompiledWeb\localhost_51888\"
		Debug.AspNetCompiler.Updateable = "true"
		Debug.AspNetCompiler.ForceOverwrite = "true"
		Debug.AspNetCompiler.FixedNames = "false"
		Debug.AspNetCompiler.Debug = "True"
		Release.AspNetCompiler.VirtualPath = "/localhost_51888"
		Release.AspNetCompiler.PhysicalPath = "WorldCupMovies.UserInterface\"
		Release.AspNetCompiler.TargetPath = "PrecompiledWeb\localhost_51888\"
		Release.AspNetCompiler.Updateable = "true"
		Release.AspNetCompiler.ForceOverwrite = "true"
		Release.AspNetCompiler.FixedNames = "false"
		Release.AspNetCompiler.Debug = "False"
		VWDPort = "51888"
		SlnRelativePath = "WorldCupMovies.UserInterface\"
	EndProjectSection
EndProject
Project("{9A19103F-16F7-4668-BE54-9A1E7A4F7556}") = "WorldCupMovies.DependencyInjection", "WorldCupMovies.DependencyInjection\WorldCupMovies.DependencyInjection.csproj", "{2C1EB281-6152-41D0-8D13-CED269D28281}"
EndProject
Project("{9A19103F-16F7-4668-BE54-9A1E7A4F7556}") = "WorldCupMovies.CrossCutting", "WorldCupMovies.CrossCutting\WorldCupMovies.CrossCutting.csproj", "{B09A8606-896F-499D-A608-762815216320}"
EndProject
Project("{9A19103F-16F7-4668-BE54-9A1E7A4F7556}") = "WorldCupMovies.Services", "WorldCupMovies.Services\WorldCupMovies.Services.csproj", "{559C415B-4F18-49EE-A970-2D3489E17A1F}"
EndProject
Global
	GlobalSection(SolutionConfigurationPlatforms) = preSolution
		Debug|Any CPU = Debug|Any CPU
		Release|Any CPU = Release|Any CPU
	EndGlobalSection
	GlobalSection(ProjectConfigurationPlatforms) = postSolution
		{784A8188-F729-4552-B348-7ED387868034}.Debug|Any CPU.ActiveCfg = Debug|Any CPU
		{784A8188-F729-4552-B348-7ED387868034}.Debug|Any CPU.Build.0 = Debug|Any CPU
		{784A8188-F729-4552-B348-7ED387868034}.Release|Any CPU.ActiveCfg = Release|Any CPU
		{784A8188-F729-4552-B348-7ED387868034}.Release|Any CPU.Build.0 = Release|Any CPU
		{66DD62A6-C2EB-4517-8E10-2DCE511370CC}.Debug|Any CPU.ActiveCfg = Debug|Any CPU
		{66DD62A6-C2EB-4517-8E10-2DCE511370CC}.Debug|Any CPU.Build.0 = Debug|Any CPU
		{66DD62A6-C2EB-4517-8E10-2DCE511370CC}.Release|Any CPU.ActiveCfg = Release|Any CPU
		{66DD62A6-C2EB-4517-8E10-2DCE511370CC}.Release|Any CPU.Build.0 = Release|Any CPU
		{8F1672C1-42A3-4E37-9AB4-55AB36F5F463}.Debug|Any CPU.ActiveCfg = Debug|Any CPU
		{8F1672C1-42A3-4E37-9AB4-55AB36F5F463}.Debug|Any CPU.Build.0 = Debug|Any CPU
		{8F1672C1-42A3-4E37-9AB4-55AB36F5F463}.Release|Any CPU.ActiveCfg = Release|Any CPU
		{8F1672C1-42A3-4E37-9AB4-55AB36F5F463}.Release|Any CPU.Build.0 = Release|Any CPU
		{62151FDD-F4C9-4353-9AC3-B4C3C49DF067}.Debug|Any CPU.ActiveCfg = Debug|Any CPU
		{62151FDD-F4C9-4353-9AC3-B4C3C49DF067}.Debug|Any CPU.Build.0 = Debug|Any CPU
		{62151FDD-F4C9-4353-9AC3-B4C3C49DF067}.Release|Any CPU.ActiveCfg = Debug|Any CPU
		{62151FDD-F4C9-4353-9AC3-B4C3C49DF067}.Release|Any CPU.Build.0 = Debug|Any CPU
		{2C1EB281-6152-41D0-8D13-CED269D28281}.Debug|Any CPU.ActiveCfg = Debug|Any CPU
		{2C1EB281-6152-41D0-8D13-CED269D28281}.Debug|Any CPU.Build.0 = Debug|Any CPU
		{2C1EB281-6152-41D0-8D13-CED269D28281}.Release|Any CPU.ActiveCfg = Release|Any CPU
		{2C1EB281-6152-41D0-8D13-CED269D28281}.Release|Any CPU.Build.0 = Release|Any CPU
		{B09A8606-896F-499D-A608-762815216320}.Debug|Any CPU.ActiveCfg = Debug|Any CPU
		{B09A8606-896F-499D-A608-762815216320}.Debug|Any CPU.Build.0 = Debug|Any CPU
		{B09A8606-896F-499D-A608-762815216320}.Release|Any CPU.ActiveCfg = Release|Any CPU
		{B09A8606-896F-499D-A608-762815216320}.Release|Any CPU.Build.0 = Release|Any CPU
		{559C415B-4F18-49EE-A970-2D3489E17A1F}.Debug|Any CPU.ActiveCfg = Debug|Any CPU
		{559C415B-4F18-49EE-A970-2D3489E17A1F}.Debug|Any CPU.Build.0 = Debug|Any CPU
		{559C415B-4F18-49EE-A970-2D3489E17A1F}.Release|Any CPU.ActiveCfg = Release|Any CPU
		{559C415B-4F18-49EE-A970-2D3489E17A1F}.Release|Any CPU.Build.0 = Release|Any CPU
	EndGlobalSection
	GlobalSection(SolutionProperties) = preSolution
		HideSolutionNode = FALSE
	EndGlobalSection
	GlobalSection(ExtensibilityGlobals) = postSolution
		SolutionGuid = {34A6199B-7F7C-4F72-98EA-75DE3E7E5E4C}
	EndGlobalSection
EndGlobal
